// !$*UTF8*$!
{
	archiveVersion = 1;
	classes = {
	};
	objectVersion = 56;
	objects = {

/* Begin PBXBuildFile section */
		040DB94D2A07AC3800B810DA /* TabBar.swift in Sources */ = {isa = PBXBuildFile; fileRef = 040DB94C2A07AC3800B810DA /* TabBar.swift */; };
		040DB94F2A07AD0C00B810DA /* SliderBanner.swift in Sources */ = {isa = PBXBuildFile; fileRef = 040DB94E2A07AD0C00B810DA /* SliderBanner.swift */; };
		040DB9512A07AD9900B810DA /* HomePageView.swift in Sources */ = {isa = PBXBuildFile; fileRef = 040DB9502A07AD9900B810DA /* HomePageView.swift */; };
		0472A7552A07A39600232F81 /* FPSApp.swift in Sources */ = {isa = PBXBuildFile; fileRef = 0472A7542A07A39600232F81 /* FPSApp.swift */; };
		0472A7572A07A39600232F81 /* ContentView.swift in Sources */ = {isa = PBXBuildFile; fileRef = 0472A7562A07A39600232F81 /* ContentView.swift */; };
		0472A7592A07A39800232F81 /* Assets.xcassets in Resources */ = {isa = PBXBuildFile; fileRef = 0472A7582A07A39800232F81 /* Assets.xcassets */; };
		0472A75C2A07A39800232F81 /* Preview Assets.xcassets in Resources */ = {isa = PBXBuildFile; fileRef = 0472A75B2A07A39800232F81 /* Preview Assets.xcassets */; };
/* End PBXBuildFile section */

/* Begin PBXFileReference section */
		040DB94C2A07AC3800B810DA /* TabBar.swift */ = {isa = PBXFileReference; lastKnownFileType = sourcecode.swift; path = TabBar.swift; sourceTree = "<group>"; };
		040DB94E2A07AD0C00B810DA /* SliderBanner.swift */ = {isa = PBXFileReference; lastKnownFileType = sourcecode.swift; path = SliderBanner.swift; sourceTree = "<group>"; };
		040DB9502A07AD9900B810DA /* HomePageView.swift */ = {isa = PBXFileReference; lastKnownFileType = sourcecode.swift; path = HomePageView.swift; sourceTree = "<group>"; };
		0472A7512A07A39600232F81 /* FPS.app */ = {isa = PBXFileReference; explicitFileType = wrapper.application; includeInIndex = 0; path = FPS.app; sourceTree = BUILT_PRODUCTS_DIR; };
		0472A7542A07A39600232F81 /* FPSApp.swift */ = {isa = PBXFileReference; lastKnownFileType = sourcecode.swift; path = FPSApp.swift; sourceTree = "<group>"; };
		0472A7562A07A39600232F81 /* ContentView.swift */ = {isa = PBXFileReference; lastKnownFileType = sourcecode.swift; path = ContentView.swift; sourceTree = "<group>"; };
		0472A7582A07A39800232F81 /* Assets.xcassets */ = {isa = PBXFileReference; lastKnownFileType = folder.assetcatalog; path = Assets.xcassets; sourceTree = "<group>"; };
		0472A75B2A07A39800232F81 /* Preview Assets.xcassets */ = {isa = PBXFileReference; lastKnownFileType = folder.assetcatalog; path = "Preview Assets.xcassets"; sourceTree = "<group>"; };
/* End PBXFileReference section */

/* Begin PBXFrameworksBuildPhase section */
		0472A74E2A07A39600232F81 /* Frameworks */ = {
			isa = PBXFrameworksBuildPhase;
			buildActionMask = 2147483647;
			files = (
			);
			runOnlyForDeploymentPostprocessing = 0;
		};
/* End PBXFrameworksBuildPhase section */

/* Begin PBXGroup section */
		040DB9482A07AA9C00B810DA /* Views */ = {
			isa = PBXGroup;
			children = (
				040DB94B2A07AAF400B810DA /* single Product Page */,
				040DB94A2A07AAE500B810DA /* Products Page */,
				040DB9492A07AACA00B810DA /* Home Page */,
			);
			path = Views;
			sourceTree = "<group>";
		};
		040DB9492A07AACA00B810DA /* Home Page */ = {
			isa = PBXGroup;
			children = (
				040DB94C2A07AC3800B810DA /* TabBar.swift */,
				040DB94E2A07AD0C00B810DA /* SliderBanner.swift */,
				040DB9502A07AD9900B810DA /* HomePageView.swift */,
			);
			path = "Home Page";
			sourceTree = "<group>";
		};
		040DB94A2A07AAE500B810DA /* Products Page */ = {
			isa = PBXGroup;
			children = (
			);
			path = "Products Page";
			sourceTree = "<group>";
		};
		040DB94B2A07AAF400B810DA /* single Product Page */ = {
			isa = PBXGroup;
			children = (
			);
			path = "single Product Page";
			sourceTree = "<group>";
		};
		0472A7482A07A39600232F81 = {
			isa = PBXGroup;
			children = (
				0472A7532A07A39600232F81 /* FPS */,
				0472A7522A07A39600232F81 /* Products */,
			);
			sourceTree = "<group>";
		};
		0472A7522A07A39600232F81 /* Products */ = {
			isa = PBXGroup;
			children = (
				0472A7512A07A39600232F81 /* FPS.app */,
			);
			name = Products;
			sourceTree = "<group>";
		};
		0472A7532A07A39600232F81 /* FPS */ = {
			isa = PBXGroup;
			children = (
				040DB9482A07AA9C00B810DA /* Views */,
				0472A7542A07A39600232F81 /* FPSApp.swift */,
				0472A7562A07A39600232F81 /* ContentView.swift */,
				0472A7582A07A39800232F81 /* Assets.xcassets */,
				0472A75A2A07A39800232F81 /* Preview Content */,
			);
			path = FPS;
			sourceTree = "<group>";
		};
		0472A75A2A07A39800232F81 /* Preview Content */ = {
			isa = PBXGroup;
			children = (
				0472A75B2A07A39800232F81 /* Preview Assets.xcassets */,
			);
			path = "Preview Content";
			sourceTree = "<group>";
		};
/* End PBXGroup section */

/* Begin PBXNativeTarget section */
		0472A7502A07A39600232F81 /* FPS */ = {
			isa = PBXNativeTarget;
			buildConfigurationList = 0472A75F2A07A39800232F81 /* Build configuration list for PBXNativeTarget "FPS" */;
			buildPhases = (
				0472A74D2A07A39600232F81 /* Sources */,
				0472A74E2A07A39600232F81 /* Frameworks */,
				0472A74F2A07A39600232F81 /* Resources */,
			);
			buildRules = (
			);
			dependencies = (
			);
			name = FPS;
			productName = FPS;
			productReference = 0472A7512A07A39600232F81 /* FPS.app */;
			productType = "com.apple.product-type.application";
		};
/* End PBXNativeTarget section */

/* Begin PBXProject section */
		0472A7492A07A39600232F81 /* Project object */ = {
			isa = PBXProject;
			attributes = {
				BuildIndependentTargetsInParallel = 1;
				LastSwiftUpdateCheck = 1430;
				LastUpgradeCheck = 1430;
				TargetAttributes = {
					0472A7502A07A39600232F81 = {
						CreatedOnToolsVersion = 14.3;
					};
				};
			};
			buildConfigurationList = 0472A74C2A07A39600232F81 /* Build configuration list for PBXProject "FPS" */;
			compatibilityVersion = "Xcode 14.0";
			developmentRegion = en;
			hasScannedForEncodings = 0;
			knownRegions = (
				en,
				Base,
			);
			mainGroup = 0472A7482A07A39600232F81;
			productRefGroup = 0472A7522A07A39600232F81 /* Products */;
			projectDirPath = "";
			projectRoot = "";
			targets = (
				0472A7502A07A39600232F81 /* FPS */,
			);
		};
/* End PBXProject section */

/* Begin PBXResourcesBuildPhase section */
		0472A74F2A07A39600232F81 /* Resources */ = {
			isa = PBXResourcesBuildPhase;
			buildActionMask = 2147483647;
			files = (
				0472A75C2A07A39800232F81 /* Preview Assets.xcassets in Resources */,
				0472A7592A07A39800232F81 /* Assets.xcassets in Resources */,
			);
			runOnlyForDeploymentPostprocessing = 0;
		};
/* End PBXResourcesBuildPhase section */

/* Begin PBXSourcesBuildPhase section */
		0472A74D2A07A39600232F81 /* Sources */ = {
			isa = PBXSourcesBuildPhase;
			buildActionMask = 2147483647;
			files = (
				040DB94D2A07AC3800B810DA /* TabBar.swift in Sources */,
				0472A7572A07A39600232F81 /* ContentView.swift in Sources */,
				040DB94F2A07AD0C00B810DA /* SliderBanner.swift in Sources */,
				0472A7552A07A39600232F81 /* FPSApp.swift in Sources */,
				040DB9512A07AD9900B810DA /* HomePageView.swift in Sources */,
			);
			runOnlyForDeploymentPostprocessing = 0;
		};
/* End PBXSourcesBuildPhase section */

/* Begin XCBuildConfiguration section */
		0472A75D2A07A39800232F81 /* Debug */ = {
			isa = XCBuildConfiguration;
			buildSettings = {
				ALWAYS_SEARCH_USER_PATHS = NO;
				CLANG_ANALYZER_NONNULL = YES;
				CLANG_ANALYZER_NUMBER_OBJECT_CONVERSION = YES_AGGRESSIVE;
				CLANG_CXX_LANGUAGE_STANDARD = "gnu++20";
				CLANG_ENABLE_MODULES = YES;
				CLANG_ENABLE_OBJC_ARC = YES;
				CLANG_ENABLE_OBJC_WEAK = YES;
				CLANG_WARN_BLOCK_CAPTURE_AUTORELEASING = YES;
				CLANG_WARN_BOOL_CONVERSION = YES;
				CLANG_WARN_COMMA = YES;
				CLANG_WARN_CONSTANT_CONVERSION = YES;
				CLANG_WARN_DEPRECATED_OBJC_IMPLEMENTATIONS = YES;
				CLANG_WARN_DIRECT_OBJC_ISA_USAGE = YES_ERROR;
				CLANG_WARN_DOCUMENTATION_COMMENTS = YES;
				CLANG_WARN_EMPTY_BODY = YES;
				CLANG_WARN_ENUM_CONVERSION = YES;
				CLANG_WARN_INFINITE_RECURSION = YES;
				CLANG_WARN_INT_CONVERSION = YES;
				CLANG_WARN_NON_LITERAL_NULL_CONVERSION = YES;
				CLANG_WARN_OBJC_IMPLICIT_RETAIN_SELF = YES;
				CLANG_WARN_OBJC_LITERAL_CONVERSION = YES;
				CLANG_WARN_OBJC_ROOT_CLASS = YES_ERROR;
				CLANG_WARN_QUOTED_INCLUDE_IN_FRAMEWORK_HEADER = YES;
				CLANG_WARN_RANGE_LOOP_ANALYSIS = YES;
				CLANG_WARN_STRICT_PROTOTYPES = YES;
				CLANG_WARN_SUSPICIOUS_MOVE = YES;
				CLANG_WARN_UNGUARDED_AVAILABILITY = YES_AGGRESSIVE;
				CLANG_WARN_UNREACHABLE_CODE = YES;
				CLANG_WARN__DUPLICATE_METHOD_MATCH = YES;
				COPY_PHASE_STRIP = NO;
				DEBUG_INFORMATION_FORMAT = dwarf;
				ENABLE_STRICT_OBJC_MSGSEND = YES;
				ENABLE_TESTABILITY = YES;
				GCC_C_LANGUAGE_STANDARD = gnu11;
				GCC_DYNAMIC_NO_PIC = NO;
				GCC_NO_COMMON_BLOCKS = YES;
				GCC_OPTIMIZATION_LEVEL = 0;
				GCC_PREPROCESSOR_DEFINITIONS = (
					"DEBUG=1",
					"$(inherited)",
				);
				GCC_WARN_64_TO_32_BIT_CONVERSION = YES;
				GCC_WARN_ABOUT_RETURN_TYPE = YES_ERROR;
				GCC_WARN_UNDECLARED_SELECTOR = YES;
				GCC_WARN_UNINITIALIZED_AUTOS = YES_AGGRESSIVE;
				GCC_WARN_UNUSED_FUNCTION = YES;
				GCC_WARN_UNUSED_VARIABLE = YES;
				IPHONEOS_DEPLOYMENT_TARGET = 16.4;
				MTL_ENABLE_DEBUG_INFO = INCLUDE_SOURCE;
				MTL_FAST_MATH = YES;
				ONLY_ACTIVE_ARCH = YES;
				SDKROOT = iphoneos;
				SWIFT_ACTIVE_COMPILATION_CONDITIONS = DEBUG;
				SWIFT_OPTIMIZATION_LEVEL = "-Onone";
			};
			name = Debug;
		};
		0472A75E2A07A39800232F81 /* Release */ = {
			isa = XCBuildConfiguration;
			buildSettings = {
				ALWAYS_SEARCH_USER_PATHS = NO;
				CLANG_ANALYZER_NONNULL = YES;
				CLANG_ANALYZER_NUMBER_OBJECT_CONVERSION = YES_AGGRESSIVE;
				CLANG_CXX_LANGUAGE_STANDARD = "gnu++20";
				CLANG_ENABLE_MODULES = YES;
				CLANG_ENABLE_OBJC_ARC = YES;
				CLANG_ENABLE_OBJC_WEAK = YES;
				CLANG_WARN_BLOCK_CAPTURE_AUTORELEASING = YES;
				CLANG_WARN_BOOL_CONVERSION = YES;
				CLANG_WARN_COMMA = YES;
				CLANG_WARN_CONSTANT_CONVERSION = YES;
				CLANG_WARN_DEPRECATED_OBJC_IMPLEMENTATIONS = YES;
				CLANG_WARN_DIRECT_OBJC_ISA_USAGE = YES_ERROR;
				CLANG_WARN_DOCUMENTATION_COMMENTS = YES;
				CLANG_WARN_EMPTY_BODY = YES;
				CLANG_WARN_ENUM_CONVERSION = YES;
				CLANG_WARN_INFINITE_RECURSION = YES;
				CLANG_WARN_INT_CONVERSION = YES;
				CLANG_WARN_NON_LITERAL_NULL_CONVERSION = YES;
				CLANG_WARN_OBJC_IMPLICIT_RETAIN_SELF = YES;
				CLANG_WARN_OBJC_LITERAL_CONVERSION = YES;
				CLANG_WARN_OBJC_ROOT_CLASS = YES_ERROR;
				CLANG_WARN_QUOTED_INCLUDE_IN_FRAMEWORK_HEADER = YES;
				CLANG_WARN_RANGE_LOOP_ANALYSIS = YES;
				CLANG_WARN_STRICT_PROTOTYPES = YES;
				CLANG_WARN_SUSPICIOUS_MOVE = YES;
				CLANG_WARN_UNGUARDED_AVAILABILITY = YES_AGGRESSIVE;
				CLANG_WARN_UNREACHABLE_CODE = YES;
				CLANG_WARN__DUPLICATE_METHOD_MATCH = YES;
				COPY_PHASE_STRIP = NO;
				DEBUG_INFORMATION_FORMAT = "dwarf-with-dsym";
				ENABLE_NS_ASSERTIONS = NO;
				ENABLE_STRICT_OBJC_MSGSEND = YES;
				GCC_C_LANGUAGE_STANDARD = gnu11;
				GCC_NO_COMMON_BLOCKS = YES;
				GCC_WARN_64_TO_32_BIT_CONVERSION = YES;
				GCC_WARN_ABOUT_RETURN_TYPE = YES_ERROR;
				GCC_WARN_UNDECLARED_SELECTOR = YES;
				GCC_WARN_UNINITIALIZED_AUTOS = YES_AGGRESSIVE;
				GCC_WARN_UNUSED_FUNCTION = YES;
				GCC_WARN_UNUSED_VARIABLE = YES;
				IPHONEOS_DEPLOYMENT_TARGET = 16.4;
				MTL_ENABLE_DEBUG_INFO = NO;
				MTL_FAST_MATH = YES;
				SDKROOT = iphoneos;
				SWIFT_COMPILATION_MODE = wholemodule;
				SWIFT_OPTIMIZATION_LEVEL = "-O";
				VALIDATE_PRODUCT = YES;
			};
			name = Release;
		};
		0472A7602A07A39800232F81 /* Debug */ = {
			isa = XCBuildConfiguration;
			buildSettings = {
				ASSETCATALOG_COMPILER_APPICON_NAME = AppIcon;
				ASSETCATALOG_COMPILER_GLOBAL_ACCENT_COLOR_NAME = AccentColor;
				CODE_SIGN_STYLE = Automatic;
				CURRENT_PROJECT_VERSION = 1;
				DEVELOPMENT_ASSET_PATHS = "\"FPS/Preview Content\"";
				DEVELOPMENT_TEAM = T79R4SXRXS;
				ENABLE_PREVIEWS = YES;
				GENERATE_INFOPLIST_FILE = YES;
				INFOPLIST_KEY_UIApplicationSceneManifest_Generation = YES;
				INFOPLIST_KEY_UIApplicationSupportsIndirectInputEvents = YES;
				INFOPLIST_KEY_UILaunchScreen_Generation = YES;
				INFOPLIST_KEY_UISupportedInterfaceOrientations_iPad = "UIInterfaceOrientationPortrait UIInterfaceOrientationPortraitUpsideDown UIInterfaceOrientationLandscapeLeft UIInterfaceOrientationLandscapeRight";
				INFOPLIST_KEY_UISupportedInterfaceOrientations_iPhone = "UIInterfaceOrientationPortrait UIInterfaceOrientationLandscapeLeft UIInterfaceOrientationLandscapeRight";
				LD_RUNPATH_SEARCH_PATHS = (
					"$(inherited)",
					"@executable_path/Frameworks",
				);
				MARKETING_VERSION = 1.0;
				PRODUCT_BUNDLE_IDENTIFIER = com.almayo.FPS;
				PRODUCT_NAME = "$(TARGET_NAME)";
				SWIFT_EMIT_LOC_STRINGS = YES;
				SWIFT_VERSION = 5.0;
				TARGETED_DEVICE_FAMILY = "1,2";
			};
			name = Debug;
		};
		0472A7612A07A39800232F81 /* Release */ = {
			isa = XCBuildConfiguration;
			buildSettings = {
				ASSETCATALOG_COMPILER_APPICON_NAME = AppIcon;
				ASSETCATALOG_COMPILER_GLOBAL_ACCENT_COLOR_NAME = AccentColor;
				CODE_SIGN_STYLE = Automatic;
				CURRENT_PROJECT_VERSION = 1;
				DEVELOPMENT_ASSET_PATHS = "\"FPS/Preview Content\"";
				DEVELOPMENT_TEAM = T79R4SXRXS;
				ENABLE_PREVIEWS = YES;
				GENERATE_INFOPLIST_FILE = YES;
				INFOPLIST_KEY_UIApplicationSceneManifest_Generation = YES;
				INFOPLIST_KEY_UIApplicationSupportsIndirectInputEvents = YES;
				INFOPLIST_KEY_UILaunchScreen_Generation = YES;
				INFOPLIST_KEY_UISupportedInterfaceOrientations_iPad = "UIInterfaceOrientationPortrait UIInterfaceOrientationPortraitUpsideDown UIInterfaceOrientationLandscapeLeft UIInterfaceOrientationLandscapeRight";
				INFOPLIST_KEY_UISupportedInterfaceOrientations_iPhone = "UIInterfaceOrientationPortrait UIInterfaceOrientationLandscapeLeft UIInterfaceOrientationLandscapeRight";
				LD_RUNPATH_SEARCH_PATHS = (
					"$(inherited)",
					"@executable_path/Frameworks",
				);
				MARKETING_VERSION = 1.0;
				PRODUCT_BUNDLE_IDENTIFIER = com.almayo.FPS;
				PRODUCT_NAME = "$(TARGET_NAME)";
				SWIFT_EMIT_LOC_STRINGS = YES;
				SWIFT_VERSION = 5.0;
				TARGETED_DEVICE_FAMILY = "1,2";
			};
			name = Release;
		};
/* End XCBuildConfiguration section */

/* Begin XCConfigurationList section */
		0472A74C2A07A39600232F81 /* Build configuration list for PBXProject "FPS" */ = {
			isa = XCConfigurationList;
			buildConfigurations = (
				0472A75D2A07A39800232F81 /* Debug */,
				0472A75E2A07A39800232F81 /* Release */,
			);
			defaultConfigurationIsVisible = 0;
			defaultConfigurationName = Release;
		};
		0472A75F2A07A39800232F81 /* Build configuration list for PBXNativeTarget "FPS" */ = {
			isa = XCConfigurationList;
			buildConfigurations = (
				0472A7602A07A39800232F81 /* Debug */,
				0472A7612A07A39800232F81 /* Release */,
			);
			defaultConfigurationIsVisible = 0;
			defaultConfigurationName = Release;
		};
/* End XCConfigurationList section */
	};
	rootObject = 0472A7492A07A39600232F81 /* Project object */;
}
